
Microsoft Visual Studio Solution File, Format Version 12.00
# Visual Studio Version 17
VisualStudioVersion = 17.7.34024.191
MinimumVisualStudioVersion = 10.0.40219.1
Project("{FAE04EC0-301F-11D3-BF4B-00C04F79EFBC}") = "Proyecto__Emmanuel&Josue", "Proyecto__Emmanuel&Josue\Proyecto__Emmanuel&Josue.csproj", "{0BFDCC09-5436-42CB-9899-18E69BD1D881}"
	ProjectSection(ProjectDependencies) = postProject
		{60015100-E42D-410A-826E-1C3C7A6FC8C0} = {60015100-E42D-410A-826E-1C3C7A6FC8C0}
	EndProjectSection
EndProject
Project("{FAE04EC0-301F-11D3-BF4B-00C04F79EFBC}") = "Logica", "Logica\Logica.csproj", "{60015100-E42D-410A-826E-1C3C7A6FC8C0}"
EndProject
Global
	GlobalSection(SolutionConfigurationPlatforms) = preSolution
		Debug|Any CPU = Debug|Any CPU
		Release|Any CPU = Release|Any CPU
	EndGlobalSection
	GlobalSection(ProjectConfigurationPlatforms) = postSolution
		{0BFDCC09-5436-42CB-9899-18E69BD1D881}.Debug|Any CPU.ActiveCfg = Debug|Any CPU
		{0BFDCC09-5436-42CB-9899-18E69BD1D881}.Debug|Any CPU.Build.0 = Debug|Any CPU
		{0BFDCC09-5436-42CB-9899-18E69BD1D881}.Release|Any CPU.ActiveCfg = Release|Any CPU
		{0BFDCC09-5436-42CB-9899-18E69BD1D881}.Release|Any CPU.Build.0 = Release|Any CPU
		{60015100-E42D-410A-826E-1C3C7A6FC8C0}.Debug|Any CPU.ActiveCfg = Debug|Any CPU
		{60015100-E42D-410A-826E-1C3C7A6FC8C0}.Debug|Any CPU.Build.0 = Debug|Any CPU
		{60015100-E42D-410A-826E-1C3C7A6FC8C0}.Release|Any CPU.ActiveCfg = Release|Any CPU
		{60015100-E42D-410A-826E-1C3C7A6FC8C0}.Release|Any CPU.Build.0 = Release|Any CPU
	EndGlobalSection
	GlobalSection(SolutionProperties) = preSolution
		HideSolutionNode = FALSE
	EndGlobalSection
	GlobalSection(ExtensibilityGlobals) = postSolution
		SolutionGuid = {B32F830D-416D-45B9-8750-762F8A828E4B}
	EndGlobalSection
EndGlobal
